
Microsoft Visual Studio Solution File, Format Version 12.00
# Visual Studio 15
Project("{FAE04EC0-301F-11D3-BF4B-00C04F79EFBC}") = "PhotonUnityNetworking.Utilities", "PhotonUnityNetworking.Utilities.csproj", "{87BF800A-FF87-C995-1062-D91AC76480ED}"
EndProject
Project("{FAE04EC0-301F-11D3-BF4B-00C04F79EFBC}") = "Assembly-CSharp", "Assembly-CSharp.csproj", "{53980AC9-DE55-128F-D81F-123BE7A65396}"
EndProject
Project("{FAE04EC0-301F-11D3-BF4B-00C04F79EFBC}") = "PhotonUnityNetworking.Demos", "PhotonUnityNetworking.Demos.csproj", "{81F9B641-991F-B440-4110-B8B4D5B667C1}"
EndProject
Project("{FAE04EC0-301F-11D3-BF4B-00C04F79EFBC}") = "PhotonUnityNetworking", "PhotonUnityNetworking.csproj", "{B0F082DF-772C-535D-13E2-7B5E5B06F1C7}"
EndProject
Project("{FAE04EC0-301F-11D3-BF4B-00C04F79EFBC}") = "PhotonChat", "PhotonChat.csproj", "{56A67D41-C1C2-8729-3C5D-C6EBF1B47926}"
EndProject
Project("{FAE04EC0-301F-11D3-BF4B-00C04F79EFBC}") = "PhotonRealtime", "PhotonRealtime.csproj", "{077E02B5-A750-A42A-C5B8-9A2316CFF7F8}"
EndProject
Project("{FAE04EC0-301F-11D3-BF4B-00C04F79EFBC}") = "PhotonUnityNetworking.Editor", "PhotonUnityNetworking.Editor.csproj", "{4B654260-40E2-4BF7-2004-B86DDF357969}"
EndProject
Project("{FAE04EC0-301F-11D3-BF4B-00C04F79EFBC}") = "PhotonUnityNetworking.Utilities.PhotonPlayer.Editor", "PhotonUnityNetworking.Utilities.PhotonPlayer.Editor.csproj", "{0BBC7A95-E162-EF87-1B49-6CD0900C7FD1}"
EndProject
Project("{FAE04EC0-301F-11D3-BF4B-00C04F79EFBC}") = "PunDemos.DemoSlotcarEditor", "PunDemos.DemoSlotcarEditor.csproj", "{FB87BD59-5A12-BEFC-B35C-CF4E6F12124E}"
EndProject
Project("{FAE04EC0-301F-11D3-BF4B-00C04F79EFBC}") = "PhotonUnityNetworking.Utilities.Culling.Editor", "PhotonUnityNetworking.Utilities.Culling.Editor.csproj", "{A7BDA4CC-753F-46CE-82FC-0535C0C14B20}"
EndProject
Project("{FAE04EC0-301F-11D3-BF4B-00C04F79EFBC}") = "PunDemos.DemoHubEditor", "PunDemos.DemoHubEditor.csproj", "{1740132B-AEF9-D5B3-5521-1771636FD185}"
EndProject
Project("{FAE04EC0-301F-11D3-BF4B-00C04F79EFBC}") = "Assembly-CSharp-Editor", "Assembly-CSharp-Editor.csproj", "{E0C5E5F1-0736-8F6E-B702-51871897A69F}"
EndProject
Global
	GlobalSection(SolutionConfigurationPlatforms) = preSolution
		Debug|Any CPU = Debug|Any CPU
		Release|Any CPU = Release|Any CPU
	EndGlobalSection
	GlobalSection(ProjectConfigurationPlatforms) = postSolution
		{87BF800A-FF87-C995-1062-D91AC76480ED}.Debug|Any CPU.ActiveCfg = Debug|Any CPU
		{87BF800A-FF87-C995-1062-D91AC76480ED}.Debug|Any CPU.Build.0 = Debug|Any CPU
		{87BF800A-FF87-C995-1062-D91AC76480ED}.Release|Any CPU.ActiveCfg = Release|Any CPU
		{87BF800A-FF87-C995-1062-D91AC76480ED}.Release|Any CPU.Build.0 = Release|Any CPU
		{53980AC9-DE55-128F-D81F-123BE7A65396}.Debug|Any CPU.ActiveCfg = Debug|Any CPU
		{53980AC9-DE55-128F-D81F-123BE7A65396}.Debug|Any CPU.Build.0 = Debug|Any CPU
		{53980AC9-DE55-128F-D81F-123BE7A65396}.Release|Any CPU.ActiveCfg = Release|Any CPU
		{53980AC9-DE55-128F-D81F-123BE7A65396}.Release|Any CPU.Build.0 = Release|Any CPU
		{81F9B641-991F-B440-4110-B8B4D5B667C1}.Debug|Any CPU.ActiveCfg = Debug|Any CPU
		{81F9B641-991F-B440-4110-B8B4D5B667C1}.Debug|Any CPU.Build.0 = Debug|Any CPU
		{81F9B641-991F-B440-4110-B8B4D5B667C1}.Release|Any CPU.ActiveCfg = Release|Any CPU
		{81F9B641-991F-B440-4110-B8B4D5B667C1}.Release|Any CPU.Build.0 = Release|Any CPU
		{B0F082DF-772C-535D-13E2-7B5E5B06F1C7}.Debug|Any CPU.ActiveCfg = Debug|Any CPU
		{B0F082DF-772C-535D-13E2-7B5E5B06F1C7}.Debug|Any CPU.Build.0 = Debug|Any CPU
		{B0F082DF-772C-535D-13E2-7B5E5B06F1C7}.Release|Any CPU.ActiveCfg = Release|Any CPU
		{B0F082DF-772C-535D-13E2-7B5E5B06F1C7}.Release|Any CPU.Build.0 = Release|Any CPU
		{56A67D41-C1C2-8729-3C5D-C6EBF1B47926}.Debug|Any CPU.ActiveCfg = Debug|Any CPU
		{56A67D41-C1C2-8729-3C5D-C6EBF1B47926}.Debug|Any CPU.Build.0 = Debug|Any CPU
		{56A67D41-C1C2-8729-3C5D-C6EBF1B47926}.Release|Any CPU.ActiveCfg = Release|Any CPU
		{56A67D41-C1C2-8729-3C5D-C6EBF1B47926}.Release|Any CPU.Build.0 = Release|Any CPU
		{077E02B5-A750-A42A-C5B8-9A2316CFF7F8}.Debug|Any CPU.ActiveCfg = Debug|Any CPU
		{077E02B5-A750-A42A-C5B8-9A2316CFF7F8}.Debug|Any CPU.Build.0 = Debug|Any CPU
		{077E02B5-A750-A42A-C5B8-9A2316CFF7F8}.Release|Any CPU.ActiveCfg = Release|Any CPU
		{077E02B5-A750-A42A-C5B8-9A2316CFF7F8}.Release|Any CPU.Build.0 = Release|Any CPU
		{4B654260-40E2-4BF7-2004-B86DDF357969}.Debug|Any CPU.ActiveCfg = Debug|Any CPU
		{4B654260-40E2-4BF7-2004-B86DDF357969}.Debug|Any CPU.Build.0 = Debug|Any CPU
		{4B654260-40E2-4BF7-2004-B86DDF357969}.Release|Any CPU.ActiveCfg = Release|Any CPU
		{4B654260-40E2-4BF7-2004-B86DDF357969}.Release|Any CPU.Build.0 = Release|Any CPU
		{0BBC7A95-E162-EF87-1B49-6CD0900C7FD1}.Debug|Any CPU.ActiveCfg = Debug|Any CPU
		{0BBC7A95-E162-EF87-1B49-6CD0900C7FD1}.Debug|Any CPU.Build.0 = Debug|Any CPU
		{0BBC7A95-E162-EF87-1B49-6CD0900C7FD1}.Release|Any CPU.ActiveCfg = Release|Any CPU
		{0BBC7A95-E162-EF87-1B49-6CD0900C7FD1}.Release|Any CPU.Build.0 = Release|Any CPU
		{FB87BD59-5A12-BEFC-B35C-CF4E6F12124E}.Debug|Any CPU.ActiveCfg = Debug|Any CPU
		{FB87BD59-5A12-BEFC-B35C-CF4E6F12124E}.Debug|Any CPU.Build.0 = Debug|Any CPU
		{FB87BD59-5A12-BEFC-B35C-CF4E6F12124E}.Release|Any CPU.ActiveCfg = Release|Any CPU
		{FB87BD59-5A12-BEFC-B35C-CF4E6F12124E}.Release|Any CPU.Build.0 = Release|Any CPU
		{A7BDA4CC-753F-46CE-82FC-0535C0C14B20}.Debug|Any CPU.ActiveCfg = Debug|Any CPU
		{A7BDA4CC-753F-46CE-82FC-0535C0C14B20}.Debug|Any CPU.Build.0 = Debug|Any CPU
		{A7BDA4CC-753F-46CE-82FC-0535C0C14B20}.Release|Any CPU.ActiveCfg = Release|Any CPU
		{A7BDA4CC-753F-46CE-82FC-0535C0C14B20}.Release|Any CPU.Build.0 = Release|Any CPU
		{1740132B-AEF9-D5B3-5521-1771636FD185}.Debug|Any CPU.ActiveCfg = Debug|Any CPU
		{1740132B-AEF9-D5B3-5521-1771636FD185}.Debug|Any CPU.Build.0 = Debug|Any CPU
		{1740132B-AEF9-D5B3-5521-1771636FD185}.Release|Any CPU.ActiveCfg = Release|Any CPU
		{1740132B-AEF9-D5B3-5521-1771636FD185}.Release|Any CPU.Build.0 = Release|Any CPU
		{E0C5E5F1-0736-8F6E-B702-51871897A69F}.Debug|Any CPU.ActiveCfg = Debug|Any CPU
		{E0C5E5F1-0736-8F6E-B702-51871897A69F}.Debug|Any CPU.Build.0 = Debug|Any CPU
		{E0C5E5F1-0736-8F6E-B702-51871897A69F}.Release|Any CPU.ActiveCfg = Release|Any CPU
		{E0C5E5F1-0736-8F6E-B702-51871897A69F}.Release|Any CPU.Build.0 = Release|Any CPU
	EndGlobalSection
	GlobalSection(SolutionProperties) = preSolution
		HideSolutionNode = FALSE
	EndGlobalSection
EndGlobal
